
Microsoft Visual Studio Solution File, Format Version 12.00
# Visual Studio Version 17
VisualStudioVersion = 17.4.33205.214
MinimumVisualStudioVersion = 10.0.40219.1
Project("{FAE04EC0-301F-11D3-BF4B-00C04F79EFBC}") = "WebApplication", "WebApplication.csproj", "{762C9E70-A72F-420C-8113-8D04BCA3C35E}"
EndProject
Global
	GlobalSection(SolutionConfigurationPlatforms) = preSolution
		Debug|Any CPU = Debug|Any CPU
		Release|Any CPU = Release|Any CPU
	EndGlobalSection
	GlobalSection(ProjectConfigurationPlatforms) = postSolution
		{762C9E70-A72F-420C-8113-8D04BCA3C35E}.Debug|Any CPU.ActiveCfg = Debug|Any CPU
		{762C9E70-A72F-420C-8113-8D04BCA3C35E}.Debug|Any CPU.Build.0 = Debug|Any CPU
		{762C9E70-A72F-420C-8113-8D04BCA3C35E}.Release|Any CPU.ActiveCfg = Release|Any CPU
		{762C9E70-A72F-420C-8113-8D04BCA3C35E}.Release|Any CPU.Build.0 = Release|Any CPU
	EndGlobalSection
	GlobalSection(SolutionProperties) = preSolution
		HideSolutionNode = FALSE
	EndGlobalSection
	GlobalSection(ExtensibilityGlobals) = postSolution
		SolutionGuid = {B2D4ABE0-5E07-49F2-AE61-8CA8F217DF24}
	EndGlobalSection
EndGlobal
